{
  "name": "hello-world",
  "version": "1.0.0",
  "lockfileVersion": 1,
  "requires": true,
  "dependencies": {
    "ask-sdk-core": {
      "version": "2.2.0",
      "resolved": "https://registry.npmjs.org/ask-sdk-core/-/ask-sdk-core-2.2.0.tgz",
      "integrity": "sha512-JOaBWMDTrR2LL5ZlaLiDr12Oy7X4WCGxLp3lkUFuW9HpdqoP4NfKn53XUbwBdH2mwcUuU0tZfBZifMpOdJefJg==",
      "requires": {
        "ask-sdk-runtime": "^2.2.0"
      }
    },
    "ask-sdk-model": {
      "version": "1.8.0",
      "resolved": "https://registry.npmjs.org/ask-sdk-model/-/ask-sdk-model-1.8.0.tgz",
      "integrity": "sha512-qwoVWn8NYr2YeJa4VDh2H++gzHyLFsYLHg0vJB2vdYWx5gW8jy1zSUCk4b0HWs1m9MzL7GtP5VHGnz1K35RPAQ=="
    },
    "ask-sdk-runtime": {
      "version": "2.2.0",
      "resolved": "https://registry.npmjs.org/ask-sdk-runtime/-/ask-sdk-runtime-2.2.0.tgz",
      "integrity": "sha512-pYqTizpk+13l7sU/bdyIZKRptyR7fP05T8OdY0/tpD8WQaCyIvPigIEHjYcXN0Yz23FkKECbIRvfXN9OQ7Ka5w=="
    }
  }
}
